
Microsoft Visual Studio Solution File, Format Version 12.00
# Visual Studio 15
VisualStudioVersion = 15.0.27703.2042
MinimumVisualStudioVersion = 10.0.40219.1
Project("{FAE04EC0-301F-11D3-BF4B-00C04F79EFBC}") = "FluentBuilderWithGenerics", "FluentBuilderWithGenerics\FluentBuilderWithGenerics.csproj", "{18BB0C8E-8F8E-4D89-97B6-AC91F62C723A}"
EndProject
Global
	GlobalSection(SolutionConfigurationPlatforms) = preSolution
		Debug|Any CPU = Debug|Any CPU
		Release|Any CPU = Release|Any CPU
	EndGlobalSection
	GlobalSection(ProjectConfigurationPlatforms) = postSolution
		{18BB0C8E-8F8E-4D89-97B6-AC91F62C723A}.Debug|Any CPU.ActiveCfg = Debug|Any CPU
		{18BB0C8E-8F8E-4D89-97B6-AC91F62C723A}.Debug|Any CPU.Build.0 = Debug|Any CPU
		{18BB0C8E-8F8E-4D89-97B6-AC91F62C723A}.Release|Any CPU.ActiveCfg = Release|Any CPU
		{18BB0C8E-8F8E-4D89-97B6-AC91F62C723A}.Release|Any CPU.Build.0 = Release|Any CPU
	EndGlobalSection
	GlobalSection(SolutionProperties) = preSolution
		HideSolutionNode = FALSE
	EndGlobalSection
	GlobalSection(ExtensibilityGlobals) = postSolution
		SolutionGuid = {156AF57C-EE2B-4F50-909F-0D0680FF74BC}
	EndGlobalSection
EndGlobal
