
Microsoft Visual Studio Solution File, Format Version 12.00
# Visual Studio 15
VisualStudioVersion = 15.0.27703.2042
MinimumVisualStudioVersion = 10.0.40219.1
Project("{FAE04EC0-301F-11D3-BF4B-00C04F79EFBC}") = "Builder", "Builder\Builder.csproj", "{C2FA2D77-8AC2-4746-9AD3-2FEB7A436A5D}"
EndProject
Global
	GlobalSection(SolutionConfigurationPlatforms) = preSolution
		Debug|Any CPU = Debug|Any CPU
		Release|Any CPU = Release|Any CPU
	EndGlobalSection
	GlobalSection(ProjectConfigurationPlatforms) = postSolution
		{C2FA2D77-8AC2-4746-9AD3-2FEB7A436A5D}.Debug|Any CPU.ActiveCfg = Debug|Any CPU
		{C2FA2D77-8AC2-4746-9AD3-2FEB7A436A5D}.Debug|Any CPU.Build.0 = Debug|Any CPU
		{C2FA2D77-8AC2-4746-9AD3-2FEB7A436A5D}.Release|Any CPU.ActiveCfg = Release|Any CPU
		{C2FA2D77-8AC2-4746-9AD3-2FEB7A436A5D}.Release|Any CPU.Build.0 = Release|Any CPU
	EndGlobalSection
	GlobalSection(SolutionProperties) = preSolution
		HideSolutionNode = FALSE
	EndGlobalSection
	GlobalSection(ExtensibilityGlobals) = postSolution
		SolutionGuid = {96FD0A1A-AD1E-4CC0-B944-CFD2BE026881}
	EndGlobalSection
EndGlobal
